
Microsoft Visual Studio Solution File, Format Version 12.00
# Visual Studio 14
VisualStudioVersion = 14.0.25420.1
MinimumVisualStudioVersion = 10.0.40219.1
Project("{FAE04EC0-301F-11D3-BF4B-00C04F79EFBC}") = "KtaneWeb", "Src\KtaneWeb.csproj", "{5BE560A8-9B71-441A-BCAC-FC55E8DA2864}"
EndProject
Project("{FAE04EC0-301F-11D3-BF4B-00C04F79EFBC}") = "RT.Util", "..\..\RT.Util\Src\RT.Util.csproj", "{8D0FE79C-AD8D-475C-9E6F-9CAE85365B5D}"
EndProject
Project("{FAE04EC0-301F-11D3-BF4B-00C04F79EFBC}") = "RT.Servers", "..\..\RT.Servers\Src\RT.Servers.csproj", "{A7333C19-56A9-4A8E-A196-7648666EF26A}"
EndProject
Project("{FAE04EC0-301F-11D3-BF4B-00C04F79EFBC}") = "RT.TagSoup", "..\..\RT.TagSoup\Src\RT.TagSoup.csproj", "{8F80D916-8999-45D8-ACB2-FFA7E2698FD6}"
EndProject
Project("{FAE04EC0-301F-11D3-BF4B-00C04F79EFBC}") = "PropellerApi", "..\..\Propeller\API\PropellerApi.csproj", "{5770EE79-8340-41FB-9B8E-EB4A3C487FF1}"
EndProject
Project("{FAE04EC0-301F-11D3-BF4B-00C04F79EFBC}") = "Propeller", "..\..\Propeller\Src\Propeller.csproj", "{3B02D01E-2CB9-49F3-86B9-97BF8CD161FA}"
EndProject
Project("{FAE04EC0-301F-11D3-BF4B-00C04F79EFBC}") = "RT.SelfService", "..\..\RT.SelfService\Src\RT.SelfService.csproj", "{2D690226-CE76-4261-8778-87F7C213836A}"
EndProject
Project("{FAE04EC0-301F-11D3-BF4B-00C04F79EFBC}") = "Generex", "..\..\Generex\Src\Generex.csproj", "{AD37F193-49A3-4A3D-8BF1-122D5457C7A6}"
EndProject
Global
	GlobalSection(SolutionConfigurationPlatforms) = preSolution
		Debug|Any CPU = Debug|Any CPU
		Release|Any CPU = Release|Any CPU
	EndGlobalSection
	GlobalSection(ProjectConfigurationPlatforms) = postSolution
		{5BE560A8-9B71-441A-BCAC-FC55E8DA2864}.Debug|Any CPU.ActiveCfg = Debug|Any CPU
		{5BE560A8-9B71-441A-BCAC-FC55E8DA2864}.Debug|Any CPU.Build.0 = Debug|Any CPU
		{5BE560A8-9B71-441A-BCAC-FC55E8DA2864}.Release|Any CPU.ActiveCfg = Release|Any CPU
		{5BE560A8-9B71-441A-BCAC-FC55E8DA2864}.Release|Any CPU.Build.0 = Release|Any CPU
		{8D0FE79C-AD8D-475C-9E6F-9CAE85365B5D}.Debug|Any CPU.ActiveCfg = Debug|Any CPU
		{8D0FE79C-AD8D-475C-9E6F-9CAE85365B5D}.Debug|Any CPU.Build.0 = Debug|Any CPU
		{8D0FE79C-AD8D-475C-9E6F-9CAE85365B5D}.Release|Any CPU.ActiveCfg = Release|Any CPU
		{8D0FE79C-AD8D-475C-9E6F-9CAE85365B5D}.Release|Any CPU.Build.0 = Release|Any CPU
		{A7333C19-56A9-4A8E-A196-7648666EF26A}.Debug|Any CPU.ActiveCfg = Debug|Any CPU
		{A7333C19-56A9-4A8E-A196-7648666EF26A}.Debug|Any CPU.Build.0 = Debug|Any CPU
		{A7333C19-56A9-4A8E-A196-7648666EF26A}.Release|Any CPU.ActiveCfg = Release|Any CPU
		{A7333C19-56A9-4A8E-A196-7648666EF26A}.Release|Any CPU.Build.0 = Release|Any CPU
		{8F80D916-8999-45D8-ACB2-FFA7E2698FD6}.Debug|Any CPU.ActiveCfg = Debug|Any CPU
		{8F80D916-8999-45D8-ACB2-FFA7E2698FD6}.Debug|Any CPU.Build.0 = Debug|Any CPU
		{8F80D916-8999-45D8-ACB2-FFA7E2698FD6}.Release|Any CPU.ActiveCfg = Release|Any CPU
		{8F80D916-8999-45D8-ACB2-FFA7E2698FD6}.Release|Any CPU.Build.0 = Release|Any CPU
		{5770EE79-8340-41FB-9B8E-EB4A3C487FF1}.Debug|Any CPU.ActiveCfg = Debug|Any CPU
		{5770EE79-8340-41FB-9B8E-EB4A3C487FF1}.Debug|Any CPU.Build.0 = Debug|Any CPU
		{5770EE79-8340-41FB-9B8E-EB4A3C487FF1}.Release|Any CPU.ActiveCfg = Release|Any CPU
		{5770EE79-8340-41FB-9B8E-EB4A3C487FF1}.Release|Any CPU.Build.0 = Release|Any CPU
		{3B02D01E-2CB9-49F3-86B9-97BF8CD161FA}.Debug|Any CPU.ActiveCfg = Debug|Any CPU
		{3B02D01E-2CB9-49F3-86B9-97BF8CD161FA}.Debug|Any CPU.Build.0 = Debug|Any CPU
		{3B02D01E-2CB9-49F3-86B9-97BF8CD161FA}.Release|Any CPU.ActiveCfg = Release|Any CPU
		{3B02D01E-2CB9-49F3-86B9-97BF8CD161FA}.Release|Any CPU.Build.0 = Release|Any CPU
		{2D690226-CE76-4261-8778-87F7C213836A}.Debug|Any CPU.ActiveCfg = Debug|Any CPU
		{2D690226-CE76-4261-8778-87F7C213836A}.Debug|Any CPU.Build.0 = Debug|Any CPU
		{2D690226-CE76-4261-8778-87F7C213836A}.Release|Any CPU.ActiveCfg = Release|Any CPU
		{2D690226-CE76-4261-8778-87F7C213836A}.Release|Any CPU.Build.0 = Release|Any CPU
		{AD37F193-49A3-4A3D-8BF1-122D5457C7A6}.Debug|Any CPU.ActiveCfg = Debug|Any CPU
		{AD37F193-49A3-4A3D-8BF1-122D5457C7A6}.Debug|Any CPU.Build.0 = Debug|Any CPU
		{AD37F193-49A3-4A3D-8BF1-122D5457C7A6}.Release|Any CPU.ActiveCfg = Release|Any CPU
		{AD37F193-49A3-4A3D-8BF1-122D5457C7A6}.Release|Any CPU.Build.0 = Release|Any CPU
	EndGlobalSection
	GlobalSection(SolutionProperties) = preSolution
		HideSolutionNode = FALSE
	EndGlobalSection
EndGlobal
